
Microsoft Visual Studio Solution File, Format Version 12.00
# Visual Studio Version 16
VisualStudioVersion = 16.0.29519.181
MinimumVisualStudioVersion = 10.0.40219.1
Project("{FAE04EC0-301F-11D3-BF4B-00C04F79EFBC}") = "Basketball_Card_Tracker", "Basketball_Card_Tracker\Basketball_Card_Tracker.csproj", "{64B7E061-0481-4C28-B1E9-7CEB8A27EE9D}"
EndProject
Global
	GlobalSection(SolutionConfigurationPlatforms) = preSolution
		Debug|Any CPU = Debug|Any CPU
		Release|Any CPU = Release|Any CPU
	EndGlobalSection
	GlobalSection(ProjectConfigurationPlatforms) = postSolution
		{64B7E061-0481-4C28-B1E9-7CEB8A27EE9D}.Debug|Any CPU.ActiveCfg = Debug|Any CPU
		{64B7E061-0481-4C28-B1E9-7CEB8A27EE9D}.Debug|Any CPU.Build.0 = Debug|Any CPU
		{64B7E061-0481-4C28-B1E9-7CEB8A27EE9D}.Release|Any CPU.ActiveCfg = Release|Any CPU
		{64B7E061-0481-4C28-B1E9-7CEB8A27EE9D}.Release|Any CPU.Build.0 = Release|Any CPU
	EndGlobalSection
	GlobalSection(SolutionProperties) = preSolution
		HideSolutionNode = FALSE
	EndGlobalSection
	GlobalSection(ExtensibilityGlobals) = postSolution
		SolutionGuid = {BC4E52F7-F091-48CC-9605-56F4499332A9}
	EndGlobalSection
EndGlobal
